
Microsoft Visual Studio Solution File, Format Version 12.00
# Visual Studio Version 17
VisualStudioVersion = 17.5.33424.131
MinimumVisualStudioVersion = 10.0.40219.1
Project("{9A19103F-16F7-4668-BE54-9A1E7A4F7556}") = "Reader.Abstraction", "Reader.Abstraction\Reader.Abstraction.csproj", "{EC8599C4-C176-43BD-BA11-50A7446854C8}"
EndProject
Project("{9A19103F-16F7-4668-BE54-9A1E7A4F7556}") = "Reader.Infrastructures", "Reader.Infrastructures\Reader.Infrastructures.csproj", "{CA8749CA-67E7-4A32-9C04-4F06C81290C8}"
EndProject
Project("{9A19103F-16F7-4668-BE54-9A1E7A4F7556}") = "Reader.Service", "Reader.Service\Reader.Service.csproj", "{A0D99C77-7DEF-417A-A687-99F7A1DB3D0F}"
EndProject
Project("{9A19103F-16F7-4668-BE54-9A1E7A4F7556}") = "Reader.Console", "Reader.Console\Reader.Console.csproj", "{7F7DD933-E763-470B-96B9-72528E295C87}"
EndProject
Project("{9A19103F-16F7-4668-BE54-9A1E7A4F7556}") = "_Framework", "_Framework\_Framework.csproj", "{EBA2755F-C9C6-4248-8BEC-CC79FD65BF66}"
EndProject
Project("{2150E333-8FDC-42A3-9474-1A3956D46DE8}") = "Libs", "Libs", "{D73F3807-4554-41B7-B5EF-7350C6FE46BD}"
EndProject
Project("{2150E333-8FDC-42A3-9474-1A3956D46DE8}") = "Trace", "Trace", "{27B6B844-7C2A-4347-8A70-8AC86655E4F5}"
EndProject
Project("{9A19103F-16F7-4668-BE54-9A1E7A4F7556}") = "Reader.Trace", "Trace\Reader.Trace\Reader.Trace.csproj", "{8FE3EBAC-442A-418D-B1FF-812EB9FCF0E4}"
EndProject
Project("{2150E333-8FDC-42A3-9474-1A3956D46DE8}") = "Provinces", "Provinces", "{DEA3DD3F-ACFB-4F2E-8E05-D1BC1DB6102A}"
EndProject
Project("{9A19103F-16F7-4668-BE54-9A1E7A4F7556}") = "Reader.Trace.Khuzestan", "Trace\Provinces\Reader.Trace.Khuzestan\Reader.Trace.Khuzestan.csproj", "{A9674411-38EA-42B0-B82D-A3580D2CC3B6}"
EndProject
Project("{9A19103F-16F7-4668-BE54-9A1E7A4F7556}") = "Reader.Trace.Nima", "Trace\Provinces\Reader.Trace.Nima\Reader.Trace.Nima.csproj", "{52A38987-9D70-49AF-85E8-002E8D411976}"
EndProject
Global
	GlobalSection(SolutionConfigurationPlatforms) = preSolution
		Debug|Any CPU = Debug|Any CPU
		Release|Any CPU = Release|Any CPU
	EndGlobalSection
	GlobalSection(ProjectConfigurationPlatforms) = postSolution
		{EC8599C4-C176-43BD-BA11-50A7446854C8}.Debug|Any CPU.ActiveCfg = Debug|Any CPU
		{EC8599C4-C176-43BD-BA11-50A7446854C8}.Debug|Any CPU.Build.0 = Debug|Any CPU
		{EC8599C4-C176-43BD-BA11-50A7446854C8}.Release|Any CPU.ActiveCfg = Release|Any CPU
		{EC8599C4-C176-43BD-BA11-50A7446854C8}.Release|Any CPU.Build.0 = Release|Any CPU
		{CA8749CA-67E7-4A32-9C04-4F06C81290C8}.Debug|Any CPU.ActiveCfg = Debug|Any CPU
		{CA8749CA-67E7-4A32-9C04-4F06C81290C8}.Debug|Any CPU.Build.0 = Debug|Any CPU
		{CA8749CA-67E7-4A32-9C04-4F06C81290C8}.Release|Any CPU.ActiveCfg = Release|Any CPU
		{CA8749CA-67E7-4A32-9C04-4F06C81290C8}.Release|Any CPU.Build.0 = Release|Any CPU
		{A0D99C77-7DEF-417A-A687-99F7A1DB3D0F}.Debug|Any CPU.ActiveCfg = Debug|Any CPU
		{A0D99C77-7DEF-417A-A687-99F7A1DB3D0F}.Debug|Any CPU.Build.0 = Debug|Any CPU
		{A0D99C77-7DEF-417A-A687-99F7A1DB3D0F}.Release|Any CPU.ActiveCfg = Release|Any CPU
		{A0D99C77-7DEF-417A-A687-99F7A1DB3D0F}.Release|Any CPU.Build.0 = Release|Any CPU
		{7F7DD933-E763-470B-96B9-72528E295C87}.Debug|Any CPU.ActiveCfg = Debug|Any CPU
		{7F7DD933-E763-470B-96B9-72528E295C87}.Debug|Any CPU.Build.0 = Debug|Any CPU
		{7F7DD933-E763-470B-96B9-72528E295C87}.Release|Any CPU.ActiveCfg = Release|Any CPU
		{7F7DD933-E763-470B-96B9-72528E295C87}.Release|Any CPU.Build.0 = Release|Any CPU
		{EBA2755F-C9C6-4248-8BEC-CC79FD65BF66}.Debug|Any CPU.ActiveCfg = Debug|Any CPU
		{EBA2755F-C9C6-4248-8BEC-CC79FD65BF66}.Debug|Any CPU.Build.0 = Debug|Any CPU
		{EBA2755F-C9C6-4248-8BEC-CC79FD65BF66}.Release|Any CPU.ActiveCfg = Release|Any CPU
		{EBA2755F-C9C6-4248-8BEC-CC79FD65BF66}.Release|Any CPU.Build.0 = Release|Any CPU
		{8FE3EBAC-442A-418D-B1FF-812EB9FCF0E4}.Debug|Any CPU.ActiveCfg = Debug|Any CPU
		{8FE3EBAC-442A-418D-B1FF-812EB9FCF0E4}.Debug|Any CPU.Build.0 = Debug|Any CPU
		{8FE3EBAC-442A-418D-B1FF-812EB9FCF0E4}.Release|Any CPU.ActiveCfg = Release|Any CPU
		{8FE3EBAC-442A-418D-B1FF-812EB9FCF0E4}.Release|Any CPU.Build.0 = Release|Any CPU
		{A9674411-38EA-42B0-B82D-A3580D2CC3B6}.Debug|Any CPU.ActiveCfg = Debug|Any CPU
		{A9674411-38EA-42B0-B82D-A3580D2CC3B6}.Debug|Any CPU.Build.0 = Debug|Any CPU
		{A9674411-38EA-42B0-B82D-A3580D2CC3B6}.Release|Any CPU.ActiveCfg = Release|Any CPU
		{A9674411-38EA-42B0-B82D-A3580D2CC3B6}.Release|Any CPU.Build.0 = Release|Any CPU
		{52A38987-9D70-49AF-85E8-002E8D411976}.Debug|Any CPU.ActiveCfg = Debug|Any CPU
		{52A38987-9D70-49AF-85E8-002E8D411976}.Debug|Any CPU.Build.0 = Debug|Any CPU
		{52A38987-9D70-49AF-85E8-002E8D411976}.Release|Any CPU.ActiveCfg = Release|Any CPU
		{52A38987-9D70-49AF-85E8-002E8D411976}.Release|Any CPU.Build.0 = Release|Any CPU
	EndGlobalSection
	GlobalSection(SolutionProperties) = preSolution
		HideSolutionNode = FALSE
	EndGlobalSection
	GlobalSection(NestedProjects) = preSolution
		{EC8599C4-C176-43BD-BA11-50A7446854C8} = {D73F3807-4554-41B7-B5EF-7350C6FE46BD}
		{CA8749CA-67E7-4A32-9C04-4F06C81290C8} = {D73F3807-4554-41B7-B5EF-7350C6FE46BD}
		{A0D99C77-7DEF-417A-A687-99F7A1DB3D0F} = {D73F3807-4554-41B7-B5EF-7350C6FE46BD}
		{EBA2755F-C9C6-4248-8BEC-CC79FD65BF66} = {D73F3807-4554-41B7-B5EF-7350C6FE46BD}
		{27B6B844-7C2A-4347-8A70-8AC86655E4F5} = {D73F3807-4554-41B7-B5EF-7350C6FE46BD}
		{8FE3EBAC-442A-418D-B1FF-812EB9FCF0E4} = {27B6B844-7C2A-4347-8A70-8AC86655E4F5}
		{DEA3DD3F-ACFB-4F2E-8E05-D1BC1DB6102A} = {27B6B844-7C2A-4347-8A70-8AC86655E4F5}
		{A9674411-38EA-42B0-B82D-A3580D2CC3B6} = {DEA3DD3F-ACFB-4F2E-8E05-D1BC1DB6102A}
		{52A38987-9D70-49AF-85E8-002E8D411976} = {DEA3DD3F-ACFB-4F2E-8E05-D1BC1DB6102A}
	EndGlobalSection
	GlobalSection(ExtensibilityGlobals) = postSolution
		SolutionGuid = {E5463D72-8F94-4E14-99AC-6B3E79369261}
	EndGlobalSection
EndGlobal
